
Microsoft Visual Studio Solution File, Format Version 12.00
# Visual Studio 15
VisualStudioVersion = 15.0.26730.16
MinimumVisualStudioVersion = 10.0.40219.1
Project("{FAE04EC0-301F-11D3-BF4B-00C04F79EFBC}") = "UnderstandingArrays", "UnderstandingArrays\UnderstandingArrays.csproj", "{E5B1A1AF-6D51-40E0-8BBB-A40E79D7A78C}"
EndProject
Global
	GlobalSection(SolutionConfigurationPlatforms) = preSolution
		Debug|Any CPU = Debug|Any CPU
		Release|Any CPU = Release|Any CPU
	EndGlobalSection
	GlobalSection(ProjectConfigurationPlatforms) = postSolution
		{E5B1A1AF-6D51-40E0-8BBB-A40E79D7A78C}.Debug|Any CPU.ActiveCfg = Debug|Any CPU
		{E5B1A1AF-6D51-40E0-8BBB-A40E79D7A78C}.Debug|Any CPU.Build.0 = Debug|Any CPU
		{E5B1A1AF-6D51-40E0-8BBB-A40E79D7A78C}.Release|Any CPU.ActiveCfg = Release|Any CPU
		{E5B1A1AF-6D51-40E0-8BBB-A40E79D7A78C}.Release|Any CPU.Build.0 = Release|Any CPU
	EndGlobalSection
	GlobalSection(SolutionProperties) = preSolution
		HideSolutionNode = FALSE
	EndGlobalSection
	GlobalSection(ExtensibilityGlobals) = postSolution
		SolutionGuid = {76B73047-8508-43A6-8504-C451E934CD95}
	EndGlobalSection
EndGlobal
