
Microsoft Visual Studio Solution File, Format Version 12.00
# Visual Studio 15
VisualStudioVersion = 15.0.26730.16
MinimumVisualStudioVersion = 10.0.40219.1
Project("{FAE04EC0-301F-11D3-BF4B-00C04F79EFBC}") = "DatesAndTimes", "DatesAndTimes\DatesAndTimes.csproj", "{382FEE01-0685-4DB5-904E-858A1EA862EF}"
EndProject
Global
	GlobalSection(SolutionConfigurationPlatforms) = preSolution
		Debug|Any CPU = Debug|Any CPU
		Release|Any CPU = Release|Any CPU
	EndGlobalSection
	GlobalSection(ProjectConfigurationPlatforms) = postSolution
		{382FEE01-0685-4DB5-904E-858A1EA862EF}.Debug|Any CPU.ActiveCfg = Debug|Any CPU
		{382FEE01-0685-4DB5-904E-858A1EA862EF}.Debug|Any CPU.Build.0 = Debug|Any CPU
		{382FEE01-0685-4DB5-904E-858A1EA862EF}.Release|Any CPU.ActiveCfg = Release|Any CPU
		{382FEE01-0685-4DB5-904E-858A1EA862EF}.Release|Any CPU.Build.0 = Release|Any CPU
	EndGlobalSection
	GlobalSection(SolutionProperties) = preSolution
		HideSolutionNode = FALSE
	EndGlobalSection
	GlobalSection(ExtensibilityGlobals) = postSolution
		SolutionGuid = {5309E203-B898-46CF-AB0D-597510B4A6A4}
	EndGlobalSection
EndGlobal
