
Microsoft Visual Studio Solution File, Format Version 12.00
# Visual Studio 15
VisualStudioVersion = 15.0.26730.16
MinimumVisualStudioVersion = 10.0.40219.1
Project("{FAE04EC0-301F-11D3-BF4B-00C04F79EFBC}") = "ConsoleApllication2", "ConsoleApllication2\ConsoleApllication2.csproj", "{4D413057-FE26-4E12-89CA-66F8178AA51D}"
EndProject
Global
	GlobalSection(SolutionConfigurationPlatforms) = preSolution
		Debug|Any CPU = Debug|Any CPU
		Release|Any CPU = Release|Any CPU
	EndGlobalSection
	GlobalSection(ProjectConfigurationPlatforms) = postSolution
		{4D413057-FE26-4E12-89CA-66F8178AA51D}.Debug|Any CPU.ActiveCfg = Debug|Any CPU
		{4D413057-FE26-4E12-89CA-66F8178AA51D}.Debug|Any CPU.Build.0 = Debug|Any CPU
		{4D413057-FE26-4E12-89CA-66F8178AA51D}.Release|Any CPU.ActiveCfg = Release|Any CPU
		{4D413057-FE26-4E12-89CA-66F8178AA51D}.Release|Any CPU.Build.0 = Release|Any CPU
	EndGlobalSection
	GlobalSection(SolutionProperties) = preSolution
		HideSolutionNode = FALSE
	EndGlobalSection
	GlobalSection(ExtensibilityGlobals) = postSolution
		SolutionGuid = {A51935A5-6398-4E19-A1F1-11852054AA5B}
	EndGlobalSection
EndGlobal
